// !$*UTF8*$!
{
	archiveVersion = 1;
	classes = {
	};
	objectVersion = 46;
	objects = {

/* Begin PBXBuildFile section */
		5A6CD7091B6EBE1E00F3E3BD /* AppDelegate.swift in Sources */ = {isa = PBXBuildFile; fileRef = 5A6CD7081B6EBE1E00F3E3BD /* AppDelegate.swift */; };
		5A6CD70B1B6EBE1E00F3E3BD /* ViewController.swift in Sources */ = {isa = PBXBuildFile; fileRef = 5A6CD70A1B6EBE1E00F3E3BD /* ViewController.swift */; };
		5A6CD70E1B6EBE1E00F3E3BD /* Main.storyboard in Resources */ = {isa = PBXBuildFile; fileRef = 5A6CD70C1B6EBE1E00F3E3BD /* Main.storyboard */; };
		5A6CD7101B6EBE1E00F3E3BD /* Images.xcassets in Resources */ = {isa = PBXBuildFile; fileRef = 5A6CD70F1B6EBE1E00F3E3BD /* Images.xcassets */; };
		5A6CD7131B6EBE1E00F3E3BD /* LaunchScreen.xib in Resources */ = {isa = PBXBuildFile; fileRef = 5A6CD7111B6EBE1E00F3E3BD /* LaunchScreen.xib */; };
		5A6CD71F1B6EBE1E00F3E3BD /* giftTests.swift in Sources */ = {isa = PBXBuildFile; fileRef = 5A6CD71E1B6EBE1E00F3E3BD /* giftTests.swift */; };
/* End PBXBuildFile section */

/* Begin PBXContainerItemProxy section */
		5A6CD7191B6EBE1E00F3E3BD /* PBXContainerItemProxy */ = {
			isa = PBXContainerItemProxy;
			containerPortal = 5A6CD6FB1B6EBE1E00F3E3BD /* Project object */;
			proxyType = 1;
			remoteGlobalIDString = 5A6CD7021B6EBE1E00F3E3BD;
			remoteInfo = gift;
		};
/* End PBXContainerItemProxy section */

/* Begin PBXFileReference section */
		5A6CD7031B6EBE1E00F3E3BD /* gift.app */ = {isa = PBXFileReference; explicitFileType = wrapper.application; includeInIndex = 0; path = gift.app; sourceTree = BUILT_PRODUCTS_DIR; };
		5A6CD7071B6EBE1E00F3E3BD /* Info.plist */ = {isa = PBXFileReference; lastKnownFileType = text.plist.xml; path = Info.plist; sourceTree = "<group>"; };
		5A6CD7081B6EBE1E00F3E3BD /* AppDelegate.swift */ = {isa = PBXFileReference; lastKnownFileType = sourcecode.swift; path = AppDelegate.swift; sourceTree = "<group>"; };
		5A6CD70A1B6EBE1E00F3E3BD /* ViewController.swift */ = {isa = PBXFileReference; lastKnownFileType = sourcecode.swift; path = ViewController.swift; sourceTree = "<group>"; };
		5A6CD70D1B6EBE1E00F3E3BD /* Base */ = {isa = PBXFileReference; lastKnownFileType = file.storyboard; name = Base; path = Base.lproj/Main.storyboard; sourceTree = "<group>"; };
		5A6CD70F1B6EBE1E00F3E3BD /* Images.xcassets */ = {isa = PBXFileReference; lastKnownFileType = folder.assetcatalog; path = Images.xcassets; sourceTree = "<group>"; };
		5A6CD7121B6EBE1E00F3E3BD /* Base */ = {isa = PBXFileReference; lastKnownFileType = file.xib; name = Base; path = Base.lproj/LaunchScreen.xib; sourceTree = "<group>"; };
		5A6CD7181B6EBE1E00F3E3BD /* giftTests.xctest */ = {isa = PBXFileReference; explicitFileType = wrapper.cfbundle; includeInIndex = 0; path = giftTests.xctest; sourceTree = BUILT_PRODUCTS_DIR; };
		5A6CD71D1B6EBE1E00F3E3BD /* Info.plist */ = {isa = PBXFileReference; lastKnownFileType = text.plist.xml; path = Info.plist; sourceTree = "<group>"; };
		5A6CD71E1B6EBE1E00F3E3BD /* giftTests.swift */ = {isa = PBXFileReference; lastKnownFileType = sourcecode.swift; path = giftTests.swift; sourceTree = "<group>"; };
/* End PBXFileReference section */

/* Begin PBXFrameworksBuildPhase section */
		5A6CD7001B6EBE1E00F3E3BD /* Frameworks */ = {
			isa = PBXFrameworksBuildPhase;
			buildActionMask = 2147483647;
			files = (
			);
			runOnlyForDeploymentPostprocessing = 0;
		};
		5A6CD7151B6EBE1E00F3E3BD /* Frameworks */ = {
			isa = PBXFrameworksBuildPhase;
			buildActionMask = 2147483647;
			files = (
			);
			runOnlyForDeploymentPostprocessing = 0;
		};
/* End PBXFrameworksBuildPhase section */

/* Begin PBXGroup section */
		5A6CD6FA1B6EBE1E00F3E3BD = {
			isa = PBXGroup;
			children = (
				5A6CD7051B6EBE1E00F3E3BD /* gift */,
				5A6CD71B1B6EBE1E00F3E3BD /* giftTests */,
				5A6CD7041B6EBE1E00F3E3BD /* Products */,
			);
			sourceTree = "<group>";
		};
		5A6CD7041B6EBE1E00F3E3BD /* Products */ = {
			isa = PBXGroup;
			children = (
				5A6CD7031B6EBE1E00F3E3BD /* gift.app */,
				5A6CD7181B6EBE1E00F3E3BD /* giftTests.xctest */,
			);
			name = Products;
			sourceTree = "<group>";
		};
		5A6CD7051B6EBE1E00F3E3BD /* gift */ = {
			isa = PBXGroup;
			children = (
				5A6CD7081B6EBE1E00F3E3BD /* AppDelegate.swift */,
				5A6CD70A1B6EBE1E00F3E3BD /* ViewController.swift */,
				5A6CD70C1B6EBE1E00F3E3BD /* Main.storyboard */,
				5A6CD70F1B6EBE1E00F3E3BD /* Images.xcassets */,
				5A6CD7111B6EBE1E00F3E3BD /* LaunchScreen.xib */,
				5A6CD7061B6EBE1E00F3E3BD /* Supporting Files */,
			);
			path = gift;
			sourceTree = "<group>";
		};
		5A6CD7061B6EBE1E00F3E3BD /* Supporting Files */ = {
			isa = PBXGroup;
			children = (
				5A6CD7071B6EBE1E00F3E3BD /* Info.plist */,
			);
			name = "Supporting Files";
			sourceTree = "<group>";
		};
		5A6CD71B1B6EBE1E00F3E3BD /* giftTests */ = {
			isa = PBXGroup;
			children = (
				5A6CD71E1B6EBE1E00F3E3BD /* giftTests.swift */,
				5A6CD71C1B6EBE1E00F3E3BD /* Supporting Files */,
			);
			path = giftTests;
			sourceTree = "<group>";
		};
		5A6CD71C1B6EBE1E00F3E3BD /* Supporting Files */ = {
			isa = PBXGroup;
			children = (
				5A6CD71D1B6EBE1E00F3E3BD /* Info.plist */,
			);
			name = "Supporting Files";
			sourceTree = "<group>";
		};
/* End PBXGroup section */

/* Begin PBXNativeTarget section */
		5A6CD7021B6EBE1E00F3E3BD /* gift */ = {
			isa = PBXNativeTarget;
			buildConfigurationList = 5A6CD7221B6EBE1E00F3E3BD /* Build configuration list for PBXNativeTarget "gift" */;
			buildPhases = (
				5A6CD6FF1B6EBE1E00F3E3BD /* Sources */,
				5A6CD7001B6EBE1E00F3E3BD /* Frameworks */,
				5A6CD7011B6EBE1E00F3E3BD /* Resources */,
			);
			buildRules = (
			);
			dependencies = (
			);
			name = gift;
			productName = gift;
			productReference = 5A6CD7031B6EBE1E00F3E3BD /* gift.app */;
			productType = "com.apple.product-type.application";
		};
		5A6CD7171B6EBE1E00F3E3BD /* giftTests */ = {
			isa = PBXNativeTarget;
			buildConfigurationList = 5A6CD7251B6EBE1E00F3E3BD /* Build configuration list for PBXNativeTarget "giftTests" */;
			buildPhases = (
				5A6CD7141B6EBE1E00F3E3BD /* Sources */,
				5A6CD7151B6EBE1E00F3E3BD /* Frameworks */,
				5A6CD7161B6EBE1E00F3E3BD /* Resources */,
			);
			buildRules = (
			);
			dependencies = (
				5A6CD71A1B6EBE1E00F3E3BD /* PBXTargetDependency */,
			);
			name = giftTests;
			productName = giftTests;
			productReference = 5A6CD7181B6EBE1E00F3E3BD /* giftTests.xctest */;
			productType = "com.apple.product-type.bundle.unit-test";
		};
/* End PBXNativeTarget section */

/* Begin PBXProject section */
		5A6CD6FB1B6EBE1E00F3E3BD /* Project object */ = {
			isa = PBXProject;
			attributes = {
				LastUpgradeCheck = 0640;
				ORGANIZATIONNAME = "Jun Zhou";
				TargetAttributes = {
					5A6CD7021B6EBE1E00F3E3BD = {
						CreatedOnToolsVersion = 6.4;
					};
					5A6CD7171B6EBE1E00F3E3BD = {
						CreatedOnToolsVersion = 6.4;
						TestTargetID = 5A6CD7021B6EBE1E00F3E3BD;
					};
				};
			};
			buildConfigurationList = 5A6CD6FE1B6EBE1E00F3E3BD /* Build configuration list for PBXProject "gift" */;
			compatibilityVersion = "Xcode 3.2";
			developmentRegion = English;
			hasScannedForEncodings = 0;
			knownRegions = (
				en,
				Base,
			);
			mainGroup = 5A6CD6FA1B6EBE1E00F3E3BD;
			productRefGroup = 5A6CD7041B6EBE1E00F3E3BD /* Products */;
			projectDirPath = "";
			projectRoot = "";
			targets = (
				5A6CD7021B6EBE1E00F3E3BD /* gift */,
				5A6CD7171B6EBE1E00F3E3BD /* giftTests */,
			);
		};
/* End PBXProject section */

/* Begin PBXResourcesBuildPhase section */
		5A6CD7011B6EBE1E00F3E3BD /* Resources */ = {
			isa = PBXResourcesBuildPhase;
			buildActionMask = 2147483647;
			files = (
				5A6CD70E1B6EBE1E00F3E3BD /* Main.storyboard in Resources */,
				5A6CD7131B6EBE1E00F3E3BD /* LaunchScreen.xib in Resources */,
				5A6CD7101B6EBE1E00F3E3BD /* Images.xcassets in Resources */,
			);
			runOnlyForDeploymentPostprocessing = 0;
		};
		5A6CD7161B6EBE1E00F3E3BD /* Resources */ = {
			isa = PBXResourcesBuildPhase;
			buildActionMask = 2147483647;
			files = (
			);
			runOnlyForDeploymentPostprocessing = 0;
		};
/* End PBXResourcesBuildPhase section */

/* Begin PBXSourcesBuildPhase section */
		5A6CD6FF1B6EBE1E00F3E3BD /* Sources */ = {
			isa = PBXSourcesBuildPhase;
			buildActionMask = 2147483647;
			files = (
				5A6CD70B1B6EBE1E00F3E3BD /* ViewController.swift in Sources */,
				5A6CD7091B6EBE1E00F3E3BD /* AppDelegate.swift in Sources */,
			);
			runOnlyForDeploymentPostprocessing = 0;
		};
		5A6CD7141B6EBE1E00F3E3BD /* Sources */ = {
			isa = PBXSourcesBuildPhase;
			buildActionMask = 2147483647;
			files = (
				5A6CD71F1B6EBE1E00F3E3BD /* giftTests.swift in Sources */,
			);
			runOnlyForDeploymentPostprocessing = 0;
		};
/* End PBXSourcesBuildPhase section */

/* Begin PBXTargetDependency section */
		5A6CD71A1B6EBE1E00F3E3BD /* PBXTargetDependency */ = {
			isa = PBXTargetDependency;
			target = 5A6CD7021B6EBE1E00F3E3BD /* gift */;
			targetProxy = 5A6CD7191B6EBE1E00F3E3BD /* PBXContainerItemProxy */;
		};
/* End PBXTargetDependency section */

/* Begin PBXVariantGroup section */
		5A6CD70C1B6EBE1E00F3E3BD /* Main.storyboard */ = {
			isa = PBXVariantGroup;
			children = (
				5A6CD70D1B6EBE1E00F3E3BD /* Base */,
			);
			name = Main.storyboard;
			sourceTree = "<group>";
		};
		5A6CD7111B6EBE1E00F3E3BD /* LaunchScreen.xib */ = {
			isa = PBXVariantGroup;
			children = (
				5A6CD7121B6EBE1E00F3E3BD /* Base */,
			);
			name = LaunchScreen.xib;
			sourceTree = "<group>";
		};
/* End PBXVariantGroup section */

/* Begin XCBuildConfiguration section */
		5A6CD7201B6EBE1E00F3E3BD /* Debug */ = {
			isa = XCBuildConfiguration;
			buildSettings = {
				ALWAYS_SEARCH_USER_PATHS = NO;
				CLANG_CXX_LANGUAGE_STANDARD = "gnu++0x";
				CLANG_CXX_LIBRARY = "libc++";
				CLANG_ENABLE_MODULES = YES;
				CLANG_ENABLE_OBJC_ARC = YES;
				CLANG_WARN_BOOL_CONVERSION = YES;
				CLANG_WARN_CONSTANT_CONVERSION = YES;
				CLANG_WARN_DIRECT_OBJC_ISA_USAGE = YES_ERROR;
				CLANG_WARN_EMPTY_BODY = YES;
				CLANG_WARN_ENUM_CONVERSION = YES;
				CLANG_WARN_INT_CONVERSION = YES;
				CLANG_WARN_OBJC_ROOT_CLASS = YES_ERROR;
				CLANG_WARN_UNREACHABLE_CODE = YES;
				CLANG_WARN__DUPLICATE_METHOD_MATCH = YES;
				"CODE_SIGN_IDENTITY[sdk=iphoneos*]" = "iPhone Developer";
				COPY_PHASE_STRIP = NO;
				DEBUG_INFORMATION_FORMAT = "dwarf-with-dsym";
				ENABLE_STRICT_OBJC_MSGSEND = YES;
				GCC_C_LANGUAGE_STANDARD = gnu99;
				GCC_DYNAMIC_NO_PIC = NO;
				GCC_NO_COMMON_BLOCKS = YES;
				GCC_OPTIMIZATION_LEVEL = 0;
				GCC_PREPROCESSOR_DEFINITIONS = (
					"DEBUG=1",
					"$(inherited)",
				);
				GCC_SYMBOLS_PRIVATE_EXTERN = NO;
				GCC_WARN_64_TO_32_BIT_CONVERSION = YES;
				GCC_WARN_ABOUT_RETURN_TYPE = YES_ERROR;
				GCC_WARN_UNDECLARED_SELECTOR = YES;
				GCC_WARN_UNINITIALIZED_AUTOS = YES_AGGRESSIVE;
				GCC_WARN_UNUSED_FUNCTION = YES;
				GCC_WARN_UNUSED_VARIABLE = YES;
				IPHONEOS_DEPLOYMENT_TARGET = 8.4;
				MTL_ENABLE_DEBUG_INFO = YES;
				ONLY_ACTIVE_ARCH = YES;
				SDKROOT = iphoneos;
				SWIFT_OPTIMIZATION_LEVEL = "-Onone";
				TARGETED_DEVICE_FAMILY = "1,2";
			};
			name = Debug;
		};
		5A6CD7211B6EBE1E00F3E3BD /* Release */ = {
			isa = XCBuildConfiguration;
			buildSettings = {
				ALWAYS_SEARCH_USER_PATHS = NO;
				CLANG_CXX_LANGUAGE_STANDARD = "gnu++0x";
				CLANG_CXX_LIBRARY = "libc++";
				CLANG_ENABLE_MODULES = YES;
				CLANG_ENABLE_OBJC_ARC = YES;
				CLANG_WARN_BOOL_CONVERSION = YES;
				CLANG_WARN_CONSTANT_CONVERSION = YES;
				CLANG_WARN_DIRECT_OBJC_ISA_USAGE = YES_ERROR;
				CLANG_WARN_EMPTY_BODY = YES;
				CLANG_WARN_ENUM_CONVERSION = YES;
				CLANG_WARN_INT_CONVERSION = YES;
				CLANG_WARN_OBJC_ROOT_CLASS = YES_ERROR;
				CLANG_WARN_UNREACHABLE_CODE = YES;
				CLANG_WARN__DUPLICATE_METHOD_MATCH = YES;
				"CODE_SIGN_IDENTITY[sdk=iphoneos*]" = "iPhone Developer";
				COPY_PHASE_STRIP = NO;
				DEBUG_INFORMATION_FORMAT = "dwarf-with-dsym";
				ENABLE_NS_ASSERTIONS = NO;
				ENABLE_STRICT_OBJC_MSGSEND = YES;
				GCC_C_LANGUAGE_STANDARD = gnu99;
				GCC_NO_COMMON_BLOCKS = YES;
				GCC_WARN_64_TO_32_BIT_CONVERSION = YES;
				GCC_WARN_ABOUT_RETURN_TYPE = YES_ERROR;
				GCC_WARN_UNDECLARED_SELECTOR = YES;
				GCC_WARN_UNINITIALIZED_AUTOS = YES_AGGRESSIVE;
				GCC_WARN_UNUSED_FUNCTION = YES;
				GCC_WARN_UNUSED_VARIABLE = YES;
				IPHONEOS_DEPLOYMENT_TARGET = 8.4;
				MTL_ENABLE_DEBUG_INFO = NO;
				SDKROOT = iphoneos;
				TARGETED_DEVICE_FAMILY = "1,2";
				VALIDATE_PRODUCT = YES;
			};
			name = Release;
		};
		5A6CD7231B6EBE1E00F3E3BD /* Debug */ = {
			isa = XCBuildConfiguration;
			buildSettings = {
				ASSETCATALOG_COMPILER_APPICON_NAME = AppIcon;
				INFOPLIST_FILE = gift/Info.plist;
				LD_RUNPATH_SEARCH_PATHS = "$(inherited) @executable_path/Frameworks";
				PRODUCT_NAME = "$(TARGET_NAME)";
			};
			name = Debug;
		};
		5A6CD7241B6EBE1E00F3E3BD /* Release */ = {
			isa = XCBuildConfiguration;
			buildSettings = {
				ASSETCATALOG_COMPILER_APPICON_NAME = AppIcon;
				INFOPLIST_FILE = gift/Info.plist;
				LD_RUNPATH_SEARCH_PATHS = "$(inherited) @executable_path/Frameworks";
				PRODUCT_NAME = "$(TARGET_NAME)";
			};
			name = Release;
		};
		5A6CD7261B6EBE1E00F3E3BD /* Debug */ = {
			isa = XCBuildConfiguration;
			buildSettings = {
				BUNDLE_LOADER = "$(TEST_HOST)";
				FRAMEWORK_SEARCH_PATHS = (
					"$(SDKROOT)/Developer/Library/Frameworks",
					"$(inherited)",
				);
				GCC_PREPROCESSOR_DEFINITIONS = (
					"DEBUG=1",
					"$(inherited)",
				);
				INFOPLIST_FILE = giftTests/Info.plist;
				LD_RUNPATH_SEARCH_PATHS = "$(inherited) @executable_path/Frameworks @loader_path/Frameworks";
				PRODUCT_NAME = "$(TARGET_NAME)";
				TEST_HOST = "$(BUILT_PRODUCTS_DIR)/gift.app/gift";
			};
			name = Debug;
		};
		5A6CD7271B6EBE1E00F3E3BD /* Release */ = {
			isa = XCBuildConfiguration;
			buildSettings = {
				BUNDLE_LOADER = "$(TEST_HOST)";
				FRAMEWORK_SEARCH_PATHS = (
					"$(SDKROOT)/Developer/Library/Frameworks",
					"$(inherited)",
				);
				INFOPLIST_FILE = giftTests/Info.plist;
				LD_RUNPATH_SEARCH_PATHS = "$(inherited) @executable_path/Frameworks @loader_path/Frameworks";
				PRODUCT_NAME = "$(TARGET_NAME)";
				TEST_HOST = "$(BUILT_PRODUCTS_DIR)/gift.app/gift";
			};
			name = Release;
		};
/* End XCBuildConfiguration section */

/* Begin XCConfigurationList section */
		5A6CD6FE1B6EBE1E00F3E3BD /* Build configuration list for PBXProject "gift" */ = {
			isa = XCConfigurationList;
			buildConfigurations = (
				5A6CD7201B6EBE1E00F3E3BD /* Debug */,
				5A6CD7211B6EBE1E00F3E3BD /* Release */,
			);
			defaultConfigurationIsVisible = 0;
			defaultConfigurationName = Release;
		};
		5A6CD7221B6EBE1E00F3E3BD /* Build configuration list for PBXNativeTarget "gift" */ = {
			isa = XCConfigurationList;
			buildConfigurations = (
				5A6CD7231B6EBE1E00F3E3BD /* Debug */,
				5A6CD7241B6EBE1E00F3E3BD /* Release */,
			);
			defaultConfigurationIsVisible = 0;
		};
		5A6CD7251B6EBE1E00F3E3BD /* Build configuration list for PBXNativeTarget "giftTests" */ = {
			isa = XCConfigurationList;
			buildConfigurations = (
				5A6CD7261B6EBE1E00F3E3BD /* Debug */,
				5A6CD7271B6EBE1E00F3E3BD /* Release */,
			);
			defaultConfigurationIsVisible = 0;
		};
/* End XCConfigurationList section */
	};
	rootObject = 5A6CD6FB1B6EBE1E00F3E3BD /* Project object */;
}
